
Microsoft Visual Studio Solution File, Format Version 12.00
# Visual Studio Version 17
VisualStudioVersion = 17.12.35521.163 d17.12
MinimumVisualStudioVersion = 10.0.40219.1
Project("{FAE04EC0-301F-11D3-BF4B-00C04F79EFBC}") = "SlingMD.Outlook", "SlingMD.Outlook\SlingMD.Outlook.csproj", "{56662D84-ED81-4C14-985B-C1AD1AED65AD}"
EndProject
Project("{FAE04EC0-301F-11D3-BF4B-00C04F79EFBC}") = "SlingMD.Tests", "SlingMD.Tests\SlingMD.Tests.csproj", "{19E902A2-1717-4E8D-871D-B8C0C3A2C5B4}"
EndProject
Global
	GlobalSection(SolutionConfigurationPlatforms) = preSolution
		Debug|Any CPU = Debug|Any CPU
		Release|Any CPU = Release|Any CPU
	EndGlobalSection
	GlobalSection(ProjectConfigurationPlatforms) = postSolution
		{56662D84-ED81-4C14-985B-C1AD1AED65AD}.Debug|Any CPU.ActiveCfg = Debug|Any CPU
		{56662D84-ED81-4C14-985B-C1AD1AED65AD}.Debug|Any CPU.Build.0 = Debug|Any CPU
		{56662D84-ED81-4C14-985B-C1AD1AED65AD}.Release|Any CPU.ActiveCfg = Release|Any CPU
		{56662D84-ED81-4C14-985B-C1AD1AED65AD}.Release|Any CPU.Build.0 = Release|Any CPU
		{19E902A2-1717-4E8D-871D-B8C0C3A2C5B4}.Debug|Any CPU.ActiveCfg = Debug|Any CPU
		{19E902A2-1717-4E8D-871D-B8C0C3A2C5B4}.Release|Any CPU.ActiveCfg = Release|Any CPU
	EndGlobalSection
	GlobalSection(SolutionProperties) = preSolution
		HideSolutionNode = FALSE
	EndGlobalSection
EndGlobal
